{
    "name": "utools_plugin",
    "lockfileVersion": 3,
    "requires": true,
    "packages": {
        "": {
            "dependencies": {
                "esm": "^3.2.25",
                "list": "^2.0.19"
            },
            "devDependencies": {
                "utools-api-types": "^4.0.0"
            }
        },
        "node_modules/esm": {
            "version": "3.2.25",
            "resolved": "https://registry.npmjs.org/esm/-/esm-3.2.25.tgz",
            "integrity": "sha512-U1suiZ2oDVWv4zPO56S0NcR5QriEahGtdN2OR6FiOG4WJvcjBVFB0qI4+eKoWFH483PKGuLuu6V8Z4T5g63UVA==",
            "engines": {
                "node": ">=6"
            }
        },
        "node_modules/list": {
            "version": "2.0.19",
            "resolved": "https://registry.npmjs.org/list/-/list-2.0.19.tgz",
            "integrity": "sha512-nnVaRp4RaMAQkCpypTThsdxKqgPMiSwJq93eAm2/IbpUa8sd04XKBhkKu+bMk63HmdjK8b8Cuh4xARHWX2ye/Q=="
        },
        "node_modules/utools-api-types": {
            "version": "4.0.0",
            "resolved": "https://registry.npmjs.org/utools-api-types/-/utools-api-types-4.0.0.tgz",
            "integrity": "sha512-YFY5jTDBzYdWV3CwkOf2pzbEcw3YLHvCJws+rejND1IWdWgWkXLP600hTUlMB5ordfSb4KiUkpcK8ReerHif0g==",
            "dev": true
        }
    }
}
